
Microsoft Visual Studio Solution File, Format Version 12.00
# Visual Studio Version 18
VisualStudioVersion = 18.6.11822.322
MinimumVisualStudioVersion = 10.0.40219.1
Project("{FAE04EC0-301F-11D3-BF4B-00C04F79EFBC}") = "Engine.Editor", "Editor\Engine.Editor.csproj", "{8F8032E0-F0FC-E24F-A6B6-7856BA9E0D4C}"
EndProject
Project("{FAE04EC0-301F-11D3-BF4B-00C04F79EFBC}") = "Engine.Core", "Engine\Engine.Core.csproj", "{A9DF574B-5DFB-40BC-8D49-6BB5E15AC3CC}"
EndProject
Project("{FAE04EC0-301F-11D3-BF4B-00C04F79EFBC}") = "Engine.Content", "Engine.Content\Engine.Content.csproj", "{CCE75806-CCB3-427D-9A8B-3DEB70ABA0D6}"
EndProject
Project("{FAE04EC0-301F-11D3-BF4B-00C04F79EFBC}") = "Engine.Desktop", "Engine.Desktop\Engine.Desktop.csproj", "{EE9C94B6-0C27-42E7-97CB-17C162594BFB}"
EndProject
Project("{FAE04EC0-301F-11D3-BF4B-00C04F79EFBC}") = "Engine.Web", "Engine.Web\Engine.Web.csproj", "{5C8FC5D5-2616-4DE8-8C73-2CCC4C950BDF}"
EndProject
Project("{FAE04EC0-301F-11D3-BF4B-00C04F79EFBC}") = "Engine.Ios", "Engine.Ios\Engine.Ios.csproj", "{BD679E4D-52FE-4D8A-B7A5-BD82A4D54AAB}"
EndProject
Project("{FAE04EC0-301F-11D3-BF4B-00C04F79EFBC}") = "Engine.Android", "Engine.Android\Engine.Android.csproj", "{A40D41B9-3193-4091-9C35-6975EFD9570A}"
EndProject
Project("{FAE04EC0-301F-11D3-BF4B-00C04F79EFBC}") = "Engine.Gameplay", "Engine.Gameplay\Engine.Gameplay.csproj", "{A42F2BFB-B7A8-4E21-A4C8-FF895B85C5C5}"
EndProject
Global
	GlobalSection(SolutionConfigurationPlatforms) = preSolution
		Debug|Any CPU = Debug|Any CPU
		Release|Any CPU = Release|Any CPU
	EndGlobalSection
	GlobalSection(ProjectConfigurationPlatforms) = postSolution
		{8F8032E0-F0FC-E24F-A6B6-7856BA9E0D4C}.Debug|Any CPU.ActiveCfg = Debug|Any CPU
		{8F8032E0-F0FC-E24F-A6B6-7856BA9E0D4C}.Debug|Any CPU.Build.0 = Debug|Any CPU
		{8F8032E0-F0FC-E24F-A6B6-7856BA9E0D4C}.Release|Any CPU.ActiveCfg = Release|Any CPU
		{8F8032E0-F0FC-E24F-A6B6-7856BA9E0D4C}.Release|Any CPU.Build.0 = Release|Any CPU
		{A9DF574B-5DFB-40BC-8D49-6BB5E15AC3CC}.Debug|Any CPU.ActiveCfg = Debug|Any CPU
		{A9DF574B-5DFB-40BC-8D49-6BB5E15AC3CC}.Debug|Any CPU.Build.0 = Debug|Any CPU
		{A9DF574B-5DFB-40BC-8D49-6BB5E15AC3CC}.Release|Any CPU.ActiveCfg = Release|Any CPU
		{A9DF574B-5DFB-40BC-8D49-6BB5E15AC3CC}.Release|Any CPU.Build.0 = Release|Any CPU
		{CCE75806-CCB3-427D-9A8B-3DEB70ABA0D6}.Debug|Any CPU.ActiveCfg = Debug|Any CPU
		{CCE75806-CCB3-427D-9A8B-3DEB70ABA0D6}.Debug|Any CPU.Build.0 = Debug|Any CPU
		{CCE75806-CCB3-427D-9A8B-3DEB70ABA0D6}.Release|Any CPU.ActiveCfg = Release|Any CPU
		{CCE75806-CCB3-427D-9A8B-3DEB70ABA0D6}.Release|Any CPU.Build.0 = Release|Any CPU
		{EE9C94B6-0C27-42E7-97CB-17C162594BFB}.Debug|Any CPU.ActiveCfg = Debug|Any CPU
		{EE9C94B6-0C27-42E7-97CB-17C162594BFB}.Debug|Any CPU.Build.0 = Debug|Any CPU
		{EE9C94B6-0C27-42E7-97CB-17C162594BFB}.Release|Any CPU.ActiveCfg = Release|Any CPU
		{EE9C94B6-0C27-42E7-97CB-17C162594BFB}.Release|Any CPU.Build.0 = Release|Any CPU
		{5C8FC5D5-2616-4DE8-8C73-2CCC4C950BDF}.Debug|Any CPU.ActiveCfg = Debug|Any CPU
		{5C8FC5D5-2616-4DE8-8C73-2CCC4C950BDF}.Debug|Any CPU.Build.0 = Debug|Any CPU
		{5C8FC5D5-2616-4DE8-8C73-2CCC4C950BDF}.Release|Any CPU.ActiveCfg = Release|Any CPU
		{5C8FC5D5-2616-4DE8-8C73-2CCC4C950BDF}.Release|Any CPU.Build.0 = Release|Any CPU
		{BD679E4D-52FE-4D8A-B7A5-BD82A4D54AAB}.Debug|Any CPU.ActiveCfg = Debug|Any CPU
		{BD679E4D-52FE-4D8A-B7A5-BD82A4D54AAB}.Debug|Any CPU.Build.0 = Debug|Any CPU
		{BD679E4D-52FE-4D8A-B7A5-BD82A4D54AAB}.Release|Any CPU.ActiveCfg = Release|Any CPU
		{BD679E4D-52FE-4D8A-B7A5-BD82A4D54AAB}.Release|Any CPU.Build.0 = Release|Any CPU
		{A40D41B9-3193-4091-9C35-6975EFD9570A}.Debug|Any CPU.ActiveCfg = Debug|Any CPU
		{A40D41B9-3193-4091-9C35-6975EFD9570A}.Debug|Any CPU.Build.0 = Debug|Any CPU
		{A40D41B9-3193-4091-9C35-6975EFD9570A}.Release|Any CPU.ActiveCfg = Release|Any CPU
		{A40D41B9-3193-4091-9C35-6975EFD9570A}.Release|Any CPU.Build.0 = Release|Any CPU
		{A42F2BFB-B7A8-4E21-A4C8-FF895B85C5C5}.Debug|Any CPU.ActiveCfg = Debug|Any CPU
		{A42F2BFB-B7A8-4E21-A4C8-FF895B85C5C5}.Debug|Any CPU.Build.0 = Debug|Any CPU
		{A42F2BFB-B7A8-4E21-A4C8-FF895B85C5C5}.Release|Any CPU.ActiveCfg = Release|Any CPU
		{A42F2BFB-B7A8-4E21-A4C8-FF895B85C5C5}.Release|Any CPU.Build.0 = Release|Any CPU
	EndGlobalSection
	GlobalSection(SolutionProperties) = preSolution
		HideSolutionNode = FALSE
	EndGlobalSection
	GlobalSection(ExtensibilityGlobals) = postSolution
		SolutionGuid = {8990446E-80AC-46DA-8AB5-C9D0AC36F8E8}
	EndGlobalSection
EndGlobal
