
Microsoft Visual Studio Solution File, Format Version 12.00
# Visual Studio Version 18
VisualStudioVersion = 18.6.11822.322
MinimumVisualStudioVersion = 10.0.40219.1
Project("{FAE04EC0-301F-11D3-BF4B-00C04F79EFBC}") = "Engine.Editor", "Editor\Engine.Editor.csproj", "{8F8032E0-F0FC-E24F-A6B6-7856BA9E0D4C}"
EndProject
Project("{FAE04EC0-301F-11D3-BF4B-00C04F79EFBC}") = "Engine.Core", "Engine\Engine.Core.csproj", "{A9DF574B-5DFB-40BC-8D49-6BB5E15AC3CC}"
EndProject
Project("{FAE04EC0-301F-11D3-BF4B-00C04F79EFBC}") = "GISM", "GISM\GISM.csproj", "{3D064B75-7DA1-4995-94A1-F89394B771E3}"
EndProject
Project("{FAE04EC0-301F-11D3-BF4B-00C04F79EFBC}") = "Engine.Web", "Engine.Web\Engine.Web.csproj", "{954B5F40-4BBC-40DC-9475-358D3ABF65D8}"
EndProject
Project("{FAE04EC0-301F-11D3-BF4B-00C04F79EFBC}") = "Engine.Android", "Engine.Android\Engine.Android.csproj", "{9BF11750-4ECC-4D28-9345-847955A3E898}"
EndProject
Project("{FAE04EC0-301F-11D3-BF4B-00C04F79EFBC}") = "Engine.Ios", "Engine.Ios\Engine.Ios.csproj", "{ADF68BC1-D03D-468A-8AB2-20521AB18A28}"
EndProject
Global
	GlobalSection(SolutionConfigurationPlatforms) = preSolution
		Debug|Any CPU = Debug|Any CPU
		Release|Any CPU = Release|Any CPU
	EndGlobalSection
	GlobalSection(ProjectConfigurationPlatforms) = postSolution
		{8F8032E0-F0FC-E24F-A6B6-7856BA9E0D4C}.Debug|Any CPU.ActiveCfg = Debug|Any CPU
		{8F8032E0-F0FC-E24F-A6B6-7856BA9E0D4C}.Debug|Any CPU.Build.0 = Debug|Any CPU
		{8F8032E0-F0FC-E24F-A6B6-7856BA9E0D4C}.Release|Any CPU.ActiveCfg = Release|Any CPU
		{8F8032E0-F0FC-E24F-A6B6-7856BA9E0D4C}.Release|Any CPU.Build.0 = Release|Any CPU
		{A9DF574B-5DFB-40BC-8D49-6BB5E15AC3CC}.Debug|Any CPU.ActiveCfg = Debug|Any CPU
		{A9DF574B-5DFB-40BC-8D49-6BB5E15AC3CC}.Debug|Any CPU.Build.0 = Debug|Any CPU
		{A9DF574B-5DFB-40BC-8D49-6BB5E15AC3CC}.Release|Any CPU.ActiveCfg = Release|Any CPU
		{A9DF574B-5DFB-40BC-8D49-6BB5E15AC3CC}.Release|Any CPU.Build.0 = Release|Any CPU
		{3D064B75-7DA1-4995-94A1-F89394B771E3}.Debug|Any CPU.ActiveCfg = Debug|Any CPU
		{3D064B75-7DA1-4995-94A1-F89394B771E3}.Debug|Any CPU.Build.0 = Debug|Any CPU
		{3D064B75-7DA1-4995-94A1-F89394B771E3}.Release|Any CPU.ActiveCfg = Release|Any CPU
		{3D064B75-7DA1-4995-94A1-F89394B771E3}.Release|Any CPU.Build.0 = Release|Any CPU
		{954B5F40-4BBC-40DC-9475-358D3ABF65D8}.Debug|Any CPU.ActiveCfg = Debug|Any CPU
		{954B5F40-4BBC-40DC-9475-358D3ABF65D8}.Debug|Any CPU.Build.0 = Debug|Any CPU
		{954B5F40-4BBC-40DC-9475-358D3ABF65D8}.Release|Any CPU.ActiveCfg = Release|Any CPU
		{954B5F40-4BBC-40DC-9475-358D3ABF65D8}.Release|Any CPU.Build.0 = Release|Any CPU
		{9BF11750-4ECC-4D28-9345-847955A3E898}.Debug|Any CPU.ActiveCfg = Debug|Any CPU
		{9BF11750-4ECC-4D28-9345-847955A3E898}.Debug|Any CPU.Build.0 = Debug|Any CPU
		{9BF11750-4ECC-4D28-9345-847955A3E898}.Release|Any CPU.ActiveCfg = Release|Any CPU
		{9BF11750-4ECC-4D28-9345-847955A3E898}.Release|Any CPU.Build.0 = Release|Any CPU
		{ADF68BC1-D03D-468A-8AB2-20521AB18A28}.Debug|Any CPU.ActiveCfg = Debug|Any CPU
		{ADF68BC1-D03D-468A-8AB2-20521AB18A28}.Debug|Any CPU.Build.0 = Debug|Any CPU
		{ADF68BC1-D03D-468A-8AB2-20521AB18A28}.Release|Any CPU.ActiveCfg = Release|Any CPU
		{ADF68BC1-D03D-468A-8AB2-20521AB18A28}.Release|Any CPU.Build.0 = Release|Any CPU
	EndGlobalSection
	GlobalSection(SolutionProperties) = preSolution
		HideSolutionNode = FALSE
	EndGlobalSection
	GlobalSection(ExtensibilityGlobals) = postSolution
		SolutionGuid = {8990446E-80AC-46DA-8AB5-C9D0AC36F8E8}
	EndGlobalSection
EndGlobal
