
Microsoft Visual Studio Solution File, Format Version 12.00
# Visual Studio Version 17
VisualStudioVersion = 17.14.36811.4 d17.14
MinimumVisualStudioVersion = 10.0.40219.1
Project("{FAE04EC0-301F-11D3-BF4B-00C04F79EFBC}") = "Engine.Web", "Engine.Web.csproj", "{2FA21DE9-6CDF-486E-A3A4-19BFCA284441}"
EndProject
Global
	GlobalSection(SolutionConfigurationPlatforms) = preSolution
		Debug|Any CPU = Debug|Any CPU
		Release|Any CPU = Release|Any CPU
	EndGlobalSection
	GlobalSection(ProjectConfigurationPlatforms) = postSolution
		{2FA21DE9-6CDF-486E-A3A4-19BFCA284441}.Debug|Any CPU.ActiveCfg = Debug|Any CPU
		{2FA21DE9-6CDF-486E-A3A4-19BFCA284441}.Debug|Any CPU.Build.0 = Debug|Any CPU
		{2FA21DE9-6CDF-486E-A3A4-19BFCA284441}.Release|Any CPU.ActiveCfg = Release|Any CPU
		{2FA21DE9-6CDF-486E-A3A4-19BFCA284441}.Release|Any CPU.Build.0 = Release|Any CPU
	EndGlobalSection
	GlobalSection(SolutionProperties) = preSolution
		HideSolutionNode = FALSE
	EndGlobalSection
	GlobalSection(ExtensibilityGlobals) = postSolution
		SolutionGuid = {D43025B3-B9A9-4D52-8F33-6B5C6E14DA16}
	EndGlobalSection
EndGlobal
